// !$*UTF8*$!
{
	archiveVersion = 1;
	classes = {
	};
	objectVersion = 46;
	objects = {

/* Begin PBXBuildFile section */
		9FDC70F41A2FC02D0033F371 /* AppDelegate.swift in Sources */ = {isa = PBXBuildFile; fileRef = 9FDC70F31A2FC02D0033F371 /* AppDelegate.swift */; };
		9FDC70F91A2FC02D0033F371 /* Main.storyboard in Resources */ = {isa = PBXBuildFile; fileRef = 9FDC70F71A2FC02D0033F371 /* Main.storyboard */; };
		9FDC70FB1A2FC02D0033F371 /* Images.xcassets in Resources */ = {isa = PBXBuildFile; fileRef = 9FDC70FA1A2FC02D0033F371 /* Images.xcassets */; };
		9FDC70FE1A2FC02D0033F371 /* LaunchScreen.xib in Resources */ = {isa = PBXBuildFile; fileRef = 9FDC70FC1A2FC02D0033F371 /* LaunchScreen.xib */; };
		9FDC710A1A2FC02D0033F371 /* SwiftSampleTests.swift in Sources */ = {isa = PBXBuildFile; fileRef = 9FDC71091A2FC02D0033F371 /* SwiftSampleTests.swift */; };
		9FDC71461A2FC1390033F371 /* SnowGlobe.framework in Frameworks */ = {isa = PBXBuildFile; fileRef = 9FDC71451A2FC1390033F371 /* SnowGlobe.framework */; };
		9FDC714A1A2FC1610033F371 /* OneViewController.swift in Sources */ = {isa = PBXBuildFile; fileRef = 9FDC71471A2FC1610033F371 /* OneViewController.swift */; };
		9FDC714B1A2FC1610033F371 /* ThreeViewController.swift in Sources */ = {isa = PBXBuildFile; fileRef = 9FDC71481A2FC1610033F371 /* ThreeViewController.swift */; };
		9FDC714C1A2FC1610033F371 /* TwoViewController.swift in Sources */ = {isa = PBXBuildFile; fileRef = 9FDC71491A2FC1610033F371 /* TwoViewController.swift */; };
/* End PBXBuildFile section */

/* Begin PBXContainerItemProxy section */
		9FDC71041A2FC02D0033F371 /* PBXContainerItemProxy */ = {
			isa = PBXContainerItemProxy;
			containerPortal = 9FDC70E61A2FC02D0033F371 /* Project object */;
			proxyType = 1;
			remoteGlobalIDString = 9FDC70ED1A2FC02D0033F371;
			remoteInfo = SwiftSample;
		};
/* End PBXContainerItemProxy section */

/* Begin PBXFileReference section */
		9FDC70EE1A2FC02D0033F371 /* SwiftSample.app */ = {isa = PBXFileReference; explicitFileType = wrapper.application; includeInIndex = 0; path = SwiftSample.app; sourceTree = BUILT_PRODUCTS_DIR; };
		9FDC70F21A2FC02D0033F371 /* Info.plist */ = {isa = PBXFileReference; lastKnownFileType = text.plist.xml; path = Info.plist; sourceTree = "<group>"; };
		9FDC70F31A2FC02D0033F371 /* AppDelegate.swift */ = {isa = PBXFileReference; lastKnownFileType = sourcecode.swift; path = AppDelegate.swift; sourceTree = "<group>"; };
		9FDC70F81A2FC02D0033F371 /* Base */ = {isa = PBXFileReference; lastKnownFileType = file.storyboard; name = Base; path = Base.lproj/Main.storyboard; sourceTree = "<group>"; };
		9FDC70FA1A2FC02D0033F371 /* Images.xcassets */ = {isa = PBXFileReference; lastKnownFileType = folder.assetcatalog; path = Images.xcassets; sourceTree = "<group>"; };
		9FDC70FD1A2FC02D0033F371 /* Base */ = {isa = PBXFileReference; lastKnownFileType = file.xib; name = Base; path = Base.lproj/LaunchScreen.xib; sourceTree = "<group>"; };
		9FDC71031A2FC02D0033F371 /* SwiftSampleTests.xctest */ = {isa = PBXFileReference; explicitFileType = wrapper.cfbundle; includeInIndex = 0; path = SwiftSampleTests.xctest; sourceTree = BUILT_PRODUCTS_DIR; };
		9FDC71081A2FC02D0033F371 /* Info.plist */ = {isa = PBXFileReference; lastKnownFileType = text.plist.xml; path = Info.plist; sourceTree = "<group>"; };
		9FDC71091A2FC02D0033F371 /* SwiftSampleTests.swift */ = {isa = PBXFileReference; lastKnownFileType = sourcecode.swift; path = SwiftSampleTests.swift; sourceTree = "<group>"; };
		9FDC71451A2FC1390033F371 /* SnowGlobe.framework */ = {isa = PBXFileReference; lastKnownFileType = wrapper.framework; name = SnowGlobe.framework; path = "../../../../Library/Developer/Xcode/DerivedData/Sample-btgvnqjjwzhhgtclajmwhftlyfji/Build/Products/Debug-iphoneos/SnowGlobe.framework"; sourceTree = "<group>"; };
		9FDC71471A2FC1610033F371 /* OneViewController.swift */ = {isa = PBXFileReference; fileEncoding = 4; lastKnownFileType = sourcecode.swift; path = OneViewController.swift; sourceTree = "<group>"; };
		9FDC71481A2FC1610033F371 /* ThreeViewController.swift */ = {isa = PBXFileReference; fileEncoding = 4; lastKnownFileType = sourcecode.swift; path = ThreeViewController.swift; sourceTree = "<group>"; };
		9FDC71491A2FC1610033F371 /* TwoViewController.swift */ = {isa = PBXFileReference; fileEncoding = 4; lastKnownFileType = sourcecode.swift; path = TwoViewController.swift; sourceTree = "<group>"; };
/* End PBXFileReference section */

/* Begin PBXFrameworksBuildPhase section */
		9FDC70EB1A2FC02D0033F371 /* Frameworks */ = {
			isa = PBXFrameworksBuildPhase;
			buildActionMask = 2147483647;
			files = (
				9FDC71461A2FC1390033F371 /* SnowGlobe.framework in Frameworks */,
			);
			runOnlyForDeploymentPostprocessing = 0;
		};
		9FDC71001A2FC02D0033F371 /* Frameworks */ = {
			isa = PBXFrameworksBuildPhase;
			buildActionMask = 2147483647;
			files = (
			);
			runOnlyForDeploymentPostprocessing = 0;
		};
/* End PBXFrameworksBuildPhase section */

/* Begin PBXGroup section */
		9FDC70E51A2FC02D0033F371 = {
			isa = PBXGroup;
			children = (
				9FDC71451A2FC1390033F371 /* SnowGlobe.framework */,
				9FDC70F01A2FC02D0033F371 /* SwiftSample */,
				9FDC71061A2FC02D0033F371 /* SwiftSampleTests */,
				9FDC70EF1A2FC02D0033F371 /* Products */,
			);
			sourceTree = "<group>";
		};
		9FDC70EF1A2FC02D0033F371 /* Products */ = {
			isa = PBXGroup;
			children = (
				9FDC70EE1A2FC02D0033F371 /* SwiftSample.app */,
				9FDC71031A2FC02D0033F371 /* SwiftSampleTests.xctest */,
			);
			name = Products;
			sourceTree = "<group>";
		};
		9FDC70F01A2FC02D0033F371 /* SwiftSample */ = {
			isa = PBXGroup;
			children = (
				9FDC70F31A2FC02D0033F371 /* AppDelegate.swift */,
				9FDC70F71A2FC02D0033F371 /* Main.storyboard */,
				9FDC71471A2FC1610033F371 /* OneViewController.swift */,
				9FDC71481A2FC1610033F371 /* ThreeViewController.swift */,
				9FDC71491A2FC1610033F371 /* TwoViewController.swift */,
				9FDC70FA1A2FC02D0033F371 /* Images.xcassets */,
				9FDC70FC1A2FC02D0033F371 /* LaunchScreen.xib */,
				9FDC70F11A2FC02D0033F371 /* Supporting Files */,
			);
			path = SwiftSample;
			sourceTree = "<group>";
		};
		9FDC70F11A2FC02D0033F371 /* Supporting Files */ = {
			isa = PBXGroup;
			children = (
				9FDC70F21A2FC02D0033F371 /* Info.plist */,
			);
			name = "Supporting Files";
			sourceTree = "<group>";
		};
		9FDC71061A2FC02D0033F371 /* SwiftSampleTests */ = {
			isa = PBXGroup;
			children = (
				9FDC71091A2FC02D0033F371 /* SwiftSampleTests.swift */,
				9FDC71071A2FC02D0033F371 /* Supporting Files */,
			);
			path = SwiftSampleTests;
			sourceTree = "<group>";
		};
		9FDC71071A2FC02D0033F371 /* Supporting Files */ = {
			isa = PBXGroup;
			children = (
				9FDC71081A2FC02D0033F371 /* Info.plist */,
			);
			name = "Supporting Files";
			sourceTree = "<group>";
		};
/* End PBXGroup section */

/* Begin PBXNativeTarget section */
		9FDC70ED1A2FC02D0033F371 /* SwiftSample */ = {
			isa = PBXNativeTarget;
			buildConfigurationList = 9FDC710D1A2FC02E0033F371 /* Build configuration list for PBXNativeTarget "SwiftSample" */;
			buildPhases = (
				9FDC70EA1A2FC02D0033F371 /* Sources */,
				9FDC70EB1A2FC02D0033F371 /* Frameworks */,
				9FDC70EC1A2FC02D0033F371 /* Resources */,
			);
			buildRules = (
			);
			dependencies = (
			);
			name = SwiftSample;
			productName = SwiftSample;
			productReference = 9FDC70EE1A2FC02D0033F371 /* SwiftSample.app */;
			productType = "com.apple.product-type.application";
		};
		9FDC71021A2FC02D0033F371 /* SwiftSampleTests */ = {
			isa = PBXNativeTarget;
			buildConfigurationList = 9FDC71101A2FC02E0033F371 /* Build configuration list for PBXNativeTarget "SwiftSampleTests" */;
			buildPhases = (
				9FDC70FF1A2FC02D0033F371 /* Sources */,
				9FDC71001A2FC02D0033F371 /* Frameworks */,
				9FDC71011A2FC02D0033F371 /* Resources */,
			);
			buildRules = (
			);
			dependencies = (
				9FDC71051A2FC02D0033F371 /* PBXTargetDependency */,
			);
			name = SwiftSampleTests;
			productName = SwiftSampleTests;
			productReference = 9FDC71031A2FC02D0033F371 /* SwiftSampleTests.xctest */;
			productType = "com.apple.product-type.bundle.unit-test";
		};
/* End PBXNativeTarget section */

/* Begin PBXProject section */
		9FDC70E61A2FC02D0033F371 /* Project object */ = {
			isa = PBXProject;
			attributes = {
				LastUpgradeCheck = 0610;
				ORGANIZATIONNAME = stringCode;
				TargetAttributes = {
					9FDC70ED1A2FC02D0033F371 = {
						CreatedOnToolsVersion = 6.1.1;
						DevelopmentTeam = T8TH53QYXW;
					};
					9FDC71021A2FC02D0033F371 = {
						CreatedOnToolsVersion = 6.1.1;
						TestTargetID = 9FDC70ED1A2FC02D0033F371;
					};
				};
			};
			buildConfigurationList = 9FDC70E91A2FC02D0033F371 /* Build configuration list for PBXProject "SwiftSample" */;
			compatibilityVersion = "Xcode 3.2";
			developmentRegion = English;
			hasScannedForEncodings = 0;
			knownRegions = (
				en,
				Base,
			);
			mainGroup = 9FDC70E51A2FC02D0033F371;
			productRefGroup = 9FDC70EF1A2FC02D0033F371 /* Products */;
			projectDirPath = "";
			projectRoot = "";
			targets = (
				9FDC70ED1A2FC02D0033F371 /* SwiftSample */,
				9FDC71021A2FC02D0033F371 /* SwiftSampleTests */,
			);
		};
/* End PBXProject section */

/* Begin PBXResourcesBuildPhase section */
		9FDC70EC1A2FC02D0033F371 /* Resources */ = {
			isa = PBXResourcesBuildPhase;
			buildActionMask = 2147483647;
			files = (
				9FDC70F91A2FC02D0033F371 /* Main.storyboard in Resources */,
				9FDC70FE1A2FC02D0033F371 /* LaunchScreen.xib in Resources */,
				9FDC70FB1A2FC02D0033F371 /* Images.xcassets in Resources */,
			);
			runOnlyForDeploymentPostprocessing = 0;
		};
		9FDC71011A2FC02D0033F371 /* Resources */ = {
			isa = PBXResourcesBuildPhase;
			buildActionMask = 2147483647;
			files = (
			);
			runOnlyForDeploymentPostprocessing = 0;
		};
/* End PBXResourcesBuildPhase section */

/* Begin PBXSourcesBuildPhase section */
		9FDC70EA1A2FC02D0033F371 /* Sources */ = {
			isa = PBXSourcesBuildPhase;
			buildActionMask = 2147483647;
			files = (
				9FDC714B1A2FC1610033F371 /* ThreeViewController.swift in Sources */,
				9FDC70F41A2FC02D0033F371 /* AppDelegate.swift in Sources */,
				9FDC714A1A2FC1610033F371 /* OneViewController.swift in Sources */,
				9FDC714C1A2FC1610033F371 /* TwoViewController.swift in Sources */,
			);
			runOnlyForDeploymentPostprocessing = 0;
		};
		9FDC70FF1A2FC02D0033F371 /* Sources */ = {
			isa = PBXSourcesBuildPhase;
			buildActionMask = 2147483647;
			files = (
				9FDC710A1A2FC02D0033F371 /* SwiftSampleTests.swift in Sources */,
			);
			runOnlyForDeploymentPostprocessing = 0;
		};
/* End PBXSourcesBuildPhase section */

/* Begin PBXTargetDependency section */
		9FDC71051A2FC02D0033F371 /* PBXTargetDependency */ = {
			isa = PBXTargetDependency;
			target = 9FDC70ED1A2FC02D0033F371 /* SwiftSample */;
			targetProxy = 9FDC71041A2FC02D0033F371 /* PBXContainerItemProxy */;
		};
/* End PBXTargetDependency section */

/* Begin PBXVariantGroup section */
		9FDC70F71A2FC02D0033F371 /* Main.storyboard */ = {
			isa = PBXVariantGroup;
			children = (
				9FDC70F81A2FC02D0033F371 /* Base */,
			);
			name = Main.storyboard;
			sourceTree = "<group>";
		};
		9FDC70FC1A2FC02D0033F371 /* LaunchScreen.xib */ = {
			isa = PBXVariantGroup;
			children = (
				9FDC70FD1A2FC02D0033F371 /* Base */,
			);
			name = LaunchScreen.xib;
			sourceTree = "<group>";
		};
/* End PBXVariantGroup section */

/* Begin XCBuildConfiguration section */
		9FDC710B1A2FC02E0033F371 /* Debug */ = {
			isa = XCBuildConfiguration;
			buildSettings = {
				ALWAYS_SEARCH_USER_PATHS = NO;
				CLANG_CXX_LANGUAGE_STANDARD = "gnu++0x";
				CLANG_CXX_LIBRARY = "libc++";
				CLANG_ENABLE_MODULES = YES;
				CLANG_ENABLE_OBJC_ARC = YES;
				CLANG_WARN_BOOL_CONVERSION = YES;
				CLANG_WARN_CONSTANT_CONVERSION = YES;
				CLANG_WARN_DIRECT_OBJC_ISA_USAGE = YES_ERROR;
				CLANG_WARN_EMPTY_BODY = YES;
				CLANG_WARN_ENUM_CONVERSION = YES;
				CLANG_WARN_INT_CONVERSION = YES;
				CLANG_WARN_OBJC_ROOT_CLASS = YES_ERROR;
				CLANG_WARN_UNREACHABLE_CODE = YES;
				CLANG_WARN__DUPLICATE_METHOD_MATCH = YES;
				"CODE_SIGN_IDENTITY[sdk=iphoneos*]" = "iPhone Developer";
				COPY_PHASE_STRIP = NO;
				ENABLE_STRICT_OBJC_MSGSEND = YES;
				GCC_C_LANGUAGE_STANDARD = gnu99;
				GCC_DYNAMIC_NO_PIC = NO;
				GCC_OPTIMIZATION_LEVEL = 0;
				GCC_PREPROCESSOR_DEFINITIONS = (
					"DEBUG=1",
					"$(inherited)",
				);
				GCC_SYMBOLS_PRIVATE_EXTERN = NO;
				GCC_WARN_64_TO_32_BIT_CONVERSION = YES;
				GCC_WARN_ABOUT_RETURN_TYPE = YES_ERROR;
				GCC_WARN_UNDECLARED_SELECTOR = YES;
				GCC_WARN_UNINITIALIZED_AUTOS = YES_AGGRESSIVE;
				GCC_WARN_UNUSED_FUNCTION = YES;
				GCC_WARN_UNUSED_VARIABLE = YES;
				IPHONEOS_DEPLOYMENT_TARGET = 8.1;
				MTL_ENABLE_DEBUG_INFO = YES;
				ONLY_ACTIVE_ARCH = YES;
				SDKROOT = iphoneos;
				SWIFT_OPTIMIZATION_LEVEL = "-Onone";
				TARGETED_DEVICE_FAMILY = "1,2";
			};
			name = Debug;
		};
		9FDC710C1A2FC02E0033F371 /* Release */ = {
			isa = XCBuildConfiguration;
			buildSettings = {
				ALWAYS_SEARCH_USER_PATHS = NO;
				CLANG_CXX_LANGUAGE_STANDARD = "gnu++0x";
				CLANG_CXX_LIBRARY = "libc++";
				CLANG_ENABLE_MODULES = YES;
				CLANG_ENABLE_OBJC_ARC = YES;
				CLANG_WARN_BOOL_CONVERSION = YES;
				CLANG_WARN_CONSTANT_CONVERSION = YES;
				CLANG_WARN_DIRECT_OBJC_ISA_USAGE = YES_ERROR;
				CLANG_WARN_EMPTY_BODY = YES;
				CLANG_WARN_ENUM_CONVERSION = YES;
				CLANG_WARN_INT_CONVERSION = YES;
				CLANG_WARN_OBJC_ROOT_CLASS = YES_ERROR;
				CLANG_WARN_UNREACHABLE_CODE = YES;
				CLANG_WARN__DUPLICATE_METHOD_MATCH = YES;
				"CODE_SIGN_IDENTITY[sdk=iphoneos*]" = "iPhone Developer";
				COPY_PHASE_STRIP = YES;
				ENABLE_NS_ASSERTIONS = NO;
				ENABLE_STRICT_OBJC_MSGSEND = YES;
				GCC_C_LANGUAGE_STANDARD = gnu99;
				GCC_WARN_64_TO_32_BIT_CONVERSION = YES;
				GCC_WARN_ABOUT_RETURN_TYPE = YES_ERROR;
				GCC_WARN_UNDECLARED_SELECTOR = YES;
				GCC_WARN_UNINITIALIZED_AUTOS = YES_AGGRESSIVE;
				GCC_WARN_UNUSED_FUNCTION = YES;
				GCC_WARN_UNUSED_VARIABLE = YES;
				IPHONEOS_DEPLOYMENT_TARGET = 8.1;
				MTL_ENABLE_DEBUG_INFO = NO;
				SDKROOT = iphoneos;
				TARGETED_DEVICE_FAMILY = "1,2";
				VALIDATE_PRODUCT = YES;
			};
			name = Release;
		};
		9FDC710E1A2FC02E0033F371 /* Debug */ = {
			isa = XCBuildConfiguration;
			buildSettings = {
				ASSETCATALOG_COMPILER_APPICON_NAME = AppIcon;
				CODE_SIGN_IDENTITY = "iPhone Developer";
				FRAMEWORK_SEARCH_PATHS = (
					"$(inherited)",
					"$(USER_LIBRARY_DIR)/Developer/Xcode/DerivedData/Sample-btgvnqjjwzhhgtclajmwhftlyfji/Build/Products/Debug-iphoneos",
				);
				INFOPLIST_FILE = SwiftSample/Info.plist;
				LD_RUNPATH_SEARCH_PATHS = "$(inherited) @executable_path/Frameworks";
				PRODUCT_NAME = "$(TARGET_NAME)";
			};
			name = Debug;
		};
		9FDC710F1A2FC02E0033F371 /* Release */ = {
			isa = XCBuildConfiguration;
			buildSettings = {
				ASSETCATALOG_COMPILER_APPICON_NAME = AppIcon;
				CODE_SIGN_IDENTITY = "iPhone Developer";
				FRAMEWORK_SEARCH_PATHS = (
					"$(inherited)",
					"$(USER_LIBRARY_DIR)/Developer/Xcode/DerivedData/Sample-btgvnqjjwzhhgtclajmwhftlyfji/Build/Products/Debug-iphoneos",
				);
				INFOPLIST_FILE = SwiftSample/Info.plist;
				LD_RUNPATH_SEARCH_PATHS = "$(inherited) @executable_path/Frameworks";
				PRODUCT_NAME = "$(TARGET_NAME)";
			};
			name = Release;
		};
		9FDC71111A2FC02E0033F371 /* Debug */ = {
			isa = XCBuildConfiguration;
			buildSettings = {
				BUNDLE_LOADER = "$(TEST_HOST)";
				FRAMEWORK_SEARCH_PATHS = (
					"$(SDKROOT)/Developer/Library/Frameworks",
					"$(inherited)",
				);
				GCC_PREPROCESSOR_DEFINITIONS = (
					"DEBUG=1",
					"$(inherited)",
				);
				INFOPLIST_FILE = SwiftSampleTests/Info.plist;
				LD_RUNPATH_SEARCH_PATHS = "$(inherited) @executable_path/Frameworks @loader_path/Frameworks";
				PRODUCT_NAME = "$(TARGET_NAME)";
				TEST_HOST = "$(BUILT_PRODUCTS_DIR)/SwiftSample.app/SwiftSample";
			};
			name = Debug;
		};
		9FDC71121A2FC02E0033F371 /* Release */ = {
			isa = XCBuildConfiguration;
			buildSettings = {
				BUNDLE_LOADER = "$(TEST_HOST)";
				FRAMEWORK_SEARCH_PATHS = (
					"$(SDKROOT)/Developer/Library/Frameworks",
					"$(inherited)",
				);
				INFOPLIST_FILE = SwiftSampleTests/Info.plist;
				LD_RUNPATH_SEARCH_PATHS = "$(inherited) @executable_path/Frameworks @loader_path/Frameworks";
				PRODUCT_NAME = "$(TARGET_NAME)";
				TEST_HOST = "$(BUILT_PRODUCTS_DIR)/SwiftSample.app/SwiftSample";
			};
			name = Release;
		};
/* End XCBuildConfiguration section */

/* Begin XCConfigurationList section */
		9FDC70E91A2FC02D0033F371 /* Build configuration list for PBXProject "SwiftSample" */ = {
			isa = XCConfigurationList;
			buildConfigurations = (
				9FDC710B1A2FC02E0033F371 /* Debug */,
				9FDC710C1A2FC02E0033F371 /* Release */,
			);
			defaultConfigurationIsVisible = 0;
			defaultConfigurationName = Release;
		};
		9FDC710D1A2FC02E0033F371 /* Build configuration list for PBXNativeTarget "SwiftSample" */ = {
			isa = XCConfigurationList;
			buildConfigurations = (
				9FDC710E1A2FC02E0033F371 /* Debug */,
				9FDC710F1A2FC02E0033F371 /* Release */,
			);
			defaultConfigurationIsVisible = 0;
			defaultConfigurationName = Release;
		};
		9FDC71101A2FC02E0033F371 /* Build configuration list for PBXNativeTarget "SwiftSampleTests" */ = {
			isa = XCConfigurationList;
			buildConfigurations = (
				9FDC71111A2FC02E0033F371 /* Debug */,
				9FDC71121A2FC02E0033F371 /* Release */,
			);
			defaultConfigurationIsVisible = 0;
			defaultConfigurationName = Release;
		};
/* End XCConfigurationList section */
	};
	rootObject = 9FDC70E61A2FC02D0033F371 /* Project object */;
}
